
Microsoft Visual Studio Solution File, Format Version 12.00
# Visual Studio Version 16
VisualStudioVersion = 16.0.30611.23
MinimumVisualStudioVersion = 10.0.40219.1
Project("{FAE04EC0-301F-11D3-BF4B-00C04F79EFBC}") = "Lecture6Vidly", "Lecture6Vidly\Lecture6Vidly.csproj", "{2E73BCEA-5C61-493F-B0EE-386B69D8ED04}"
EndProject
Global
	GlobalSection(SolutionConfigurationPlatforms) = preSolution
		Debug|Any CPU = Debug|Any CPU
		Release|Any CPU = Release|Any CPU
	EndGlobalSection
	GlobalSection(ProjectConfigurationPlatforms) = postSolution
		{2E73BCEA-5C61-493F-B0EE-386B69D8ED04}.Debug|Any CPU.ActiveCfg = Debug|Any CPU
		{2E73BCEA-5C61-493F-B0EE-386B69D8ED04}.Debug|Any CPU.Build.0 = Debug|Any CPU
		{2E73BCEA-5C61-493F-B0EE-386B69D8ED04}.Release|Any CPU.ActiveCfg = Release|Any CPU
		{2E73BCEA-5C61-493F-B0EE-386B69D8ED04}.Release|Any CPU.Build.0 = Release|Any CPU
	EndGlobalSection
	GlobalSection(SolutionProperties) = preSolution
		HideSolutionNode = FALSE
	EndGlobalSection
	GlobalSection(ExtensibilityGlobals) = postSolution
		SolutionGuid = {187E9CAC-AB12-405A-96A5-AFD69C2F1AB3}
	EndGlobalSection
EndGlobal
